
Microsoft Visual Studio Solution File, Format Version 12.00
# Visual Studio Version 16
VisualStudioVersion = 16.0.28922.388
MinimumVisualStudioVersion = 10.0.40219.1
Project("{FAE04EC0-301F-11D3-BF4B-00C04F79EFBC}") = "TestBed2", "TestBed2.csproj", "{D81F0026-02E8-4229-BE81-A305D147B8EC}"
EndProject
Global
	GlobalSection(SolutionConfigurationPlatforms) = preSolution
		Debug|Any CPU = Debug|Any CPU
		Release|Any CPU = Release|Any CPU
	EndGlobalSection
	GlobalSection(ProjectConfigurationPlatforms) = postSolution
		{D81F0026-02E8-4229-BE81-A305D147B8EC}.Debug|Any CPU.ActiveCfg = Debug|Any CPU
		{D81F0026-02E8-4229-BE81-A305D147B8EC}.Debug|Any CPU.Build.0 = Debug|Any CPU
		{D81F0026-02E8-4229-BE81-A305D147B8EC}.Release|Any CPU.ActiveCfg = Release|Any CPU
		{D81F0026-02E8-4229-BE81-A305D147B8EC}.Release|Any CPU.Build.0 = Release|Any CPU
	EndGlobalSection
	GlobalSection(SolutionProperties) = preSolution
		HideSolutionNode = FALSE
	EndGlobalSection
	GlobalSection(ExtensibilityGlobals) = postSolution
		SolutionGuid = {BD0B90A6-4A7F-41AE-B120-EA7086479A9D}
	EndGlobalSection
EndGlobal
