
Microsoft Visual Studio Solution File, Format Version 12.00
# Visual Studio Version 16
VisualStudioVersion = 16.0.28922.388
MinimumVisualStudioVersion = 10.0.40219.1
Project("{FAE04EC0-301F-11D3-BF4B-00C04F79EFBC}") = "CcnSession", "CcnSession.csproj", "{D8555763-5CCB-4EAA-BA5C-0C4E4E502C0E}"
EndProject
Global
	GlobalSection(SolutionConfigurationPlatforms) = preSolution
		Debug|Any CPU = Debug|Any CPU
		Release|Any CPU = Release|Any CPU
	EndGlobalSection
	GlobalSection(ProjectConfigurationPlatforms) = postSolution
		{D8555763-5CCB-4EAA-BA5C-0C4E4E502C0E}.Debug|Any CPU.ActiveCfg = Debug|Any CPU
		{D8555763-5CCB-4EAA-BA5C-0C4E4E502C0E}.Debug|Any CPU.Build.0 = Debug|Any CPU
		{D8555763-5CCB-4EAA-BA5C-0C4E4E502C0E}.Release|Any CPU.ActiveCfg = Release|Any CPU
		{D8555763-5CCB-4EAA-BA5C-0C4E4E502C0E}.Release|Any CPU.Build.0 = Release|Any CPU
	EndGlobalSection
	GlobalSection(SolutionProperties) = preSolution
		HideSolutionNode = FALSE
	EndGlobalSection
	GlobalSection(ExtensibilityGlobals) = postSolution
		SolutionGuid = {B44AB3C0-415D-4283-AF87-99E9409B7ED3}
	EndGlobalSection
EndGlobal
